
Microsoft Visual Studio Solution File, Format Version 12.00
# Visual Studio Version 17
VisualStudioVersion = 17.13.35825.156 d17.13
MinimumVisualStudioVersion = 10.0.40219.1
Project("{FAE04EC0-301F-11D3-BF4B-00C04F79EFBC}") = "TheReplicatorOfDto", "TheReplicatorOfDto\TheReplicatorOfDto.csproj", "{7B5EA612-FF71-48C2-8973-FCC314660DFD}"
EndProject
Global
	GlobalSection(SolutionConfigurationPlatforms) = preSolution
		Debug|Any CPU = Debug|Any CPU
		Release|Any CPU = Release|Any CPU
	EndGlobalSection
	GlobalSection(ProjectConfigurationPlatforms) = postSolution
		{7B5EA612-FF71-48C2-8973-FCC314660DFD}.Debug|Any CPU.ActiveCfg = Debug|Any CPU
		{7B5EA612-FF71-48C2-8973-FCC314660DFD}.Debug|Any CPU.Build.0 = Debug|Any CPU
		{7B5EA612-FF71-48C2-8973-FCC314660DFD}.Release|Any CPU.ActiveCfg = Release|Any CPU
		{7B5EA612-FF71-48C2-8973-FCC314660DFD}.Release|Any CPU.Build.0 = Release|Any CPU
	EndGlobalSection
	GlobalSection(SolutionProperties) = preSolution
		HideSolutionNode = FALSE
	EndGlobalSection
	GlobalSection(ExtensibilityGlobals) = postSolution
		SolutionGuid = {21DCE729-0458-4A63-912D-49DA9CBDD736}
	EndGlobalSection
EndGlobal
