
Microsoft Visual Studio Solution File, Format Version 12.00
# Visual Studio Version 17
VisualStudioVersion = 17.13.35818.85 d17.13
MinimumVisualStudioVersion = 10.0.40219.1
Project("{FAE04EC0-301F-11D3-BF4B-00C04F79EFBC}") = "TheDefenseOfConsolas", "TheDefenseOfConsolas\TheDefenseOfConsolas.csproj", "{9B463DDE-B4A4-4889-8CA9-213ADC3071A8}"
EndProject
Global
	GlobalSection(SolutionConfigurationPlatforms) = preSolution
		Debug|Any CPU = Debug|Any CPU
		Release|Any CPU = Release|Any CPU
	EndGlobalSection
	GlobalSection(ProjectConfigurationPlatforms) = postSolution
		{9B463DDE-B4A4-4889-8CA9-213ADC3071A8}.Debug|Any CPU.ActiveCfg = Debug|Any CPU
		{9B463DDE-B4A4-4889-8CA9-213ADC3071A8}.Debug|Any CPU.Build.0 = Debug|Any CPU
		{9B463DDE-B4A4-4889-8CA9-213ADC3071A8}.Release|Any CPU.ActiveCfg = Release|Any CPU
		{9B463DDE-B4A4-4889-8CA9-213ADC3071A8}.Release|Any CPU.Build.0 = Release|Any CPU
	EndGlobalSection
	GlobalSection(SolutionProperties) = preSolution
		HideSolutionNode = FALSE
	EndGlobalSection
	GlobalSection(ExtensibilityGlobals) = postSolution
		SolutionGuid = {AF2EB77F-1BAE-429B-82CB-DA195DA9B65E}
	EndGlobalSection
EndGlobal
