
Microsoft Visual Studio Solution File, Format Version 12.00
# Visual Studio Version 17
VisualStudioVersion = 17.14.36518.9 d17.14
MinimumVisualStudioVersion = 10.0.40219.1
Project("{FAE04EC0-301F-11D3-BF4B-00C04F79EFBC}") = "TheFountainOfObjects", "TheFountainOfObjects\TheFountainOfObjects.csproj", "{762B9DE4-4D88-46F5-BDA5-C72679F65EB1}"
EndProject
Global
	GlobalSection(SolutionConfigurationPlatforms) = preSolution
		Debug|Any CPU = Debug|Any CPU
		Release|Any CPU = Release|Any CPU
	EndGlobalSection
	GlobalSection(ProjectConfigurationPlatforms) = postSolution
		{762B9DE4-4D88-46F5-BDA5-C72679F65EB1}.Debug|Any CPU.ActiveCfg = Debug|Any CPU
		{762B9DE4-4D88-46F5-BDA5-C72679F65EB1}.Debug|Any CPU.Build.0 = Debug|Any CPU
		{762B9DE4-4D88-46F5-BDA5-C72679F65EB1}.Release|Any CPU.ActiveCfg = Release|Any CPU
		{762B9DE4-4D88-46F5-BDA5-C72679F65EB1}.Release|Any CPU.Build.0 = Release|Any CPU
	EndGlobalSection
	GlobalSection(SolutionProperties) = preSolution
		HideSolutionNode = FALSE
	EndGlobalSection
	GlobalSection(ExtensibilityGlobals) = postSolution
		SolutionGuid = {DEAC9BF7-9003-4C86-AB27-A1D6A0CB18FE}
	EndGlobalSection
EndGlobal
