
Microsoft Visual Studio Solution File, Format Version 12.00
# Visual Studio Version 17
VisualStudioVersion = 17.13.35825.156 d17.13
MinimumVisualStudioVersion = 10.0.40219.1
Project("{FAE04EC0-301F-11D3-BF4B-00C04F79EFBC}") = "BuyingInventory", "BuyingInventory\BuyingInventory.csproj", "{489C25A0-7F8C-444E-961E-3A75D0FAE0A0}"
EndProject
Global
	GlobalSection(SolutionConfigurationPlatforms) = preSolution
		Debug|Any CPU = Debug|Any CPU
		Release|Any CPU = Release|Any CPU
	EndGlobalSection
	GlobalSection(ProjectConfigurationPlatforms) = postSolution
		{489C25A0-7F8C-444E-961E-3A75D0FAE0A0}.Debug|Any CPU.ActiveCfg = Debug|Any CPU
		{489C25A0-7F8C-444E-961E-3A75D0FAE0A0}.Debug|Any CPU.Build.0 = Debug|Any CPU
		{489C25A0-7F8C-444E-961E-3A75D0FAE0A0}.Release|Any CPU.ActiveCfg = Release|Any CPU
		{489C25A0-7F8C-444E-961E-3A75D0FAE0A0}.Release|Any CPU.Build.0 = Release|Any CPU
	EndGlobalSection
	GlobalSection(SolutionProperties) = preSolution
		HideSolutionNode = FALSE
	EndGlobalSection
	GlobalSection(ExtensibilityGlobals) = postSolution
		SolutionGuid = {662595AC-E20A-4172-8778-436C93E08ED5}
	EndGlobalSection
EndGlobal
