
Microsoft Visual Studio Solution File, Format Version 12.00
# Visual Studio Version 17
VisualStudioVersion = 17.13.35818.85 d17.13
MinimumVisualStudioVersion = 10.0.40219.1
Project("{FAE04EC0-301F-11D3-BF4B-00C04F79EFBC}") = "RepairingTheClocktower", "RepairingTheClocktower\RepairingTheClocktower.csproj", "{7D57EF12-12BA-4CE1-8BAE-87A79223850E}"
EndProject
Global
	GlobalSection(SolutionConfigurationPlatforms) = preSolution
		Debug|Any CPU = Debug|Any CPU
		Release|Any CPU = Release|Any CPU
	EndGlobalSection
	GlobalSection(ProjectConfigurationPlatforms) = postSolution
		{7D57EF12-12BA-4CE1-8BAE-87A79223850E}.Debug|Any CPU.ActiveCfg = Debug|Any CPU
		{7D57EF12-12BA-4CE1-8BAE-87A79223850E}.Debug|Any CPU.Build.0 = Debug|Any CPU
		{7D57EF12-12BA-4CE1-8BAE-87A79223850E}.Release|Any CPU.ActiveCfg = Release|Any CPU
		{7D57EF12-12BA-4CE1-8BAE-87A79223850E}.Release|Any CPU.Build.0 = Release|Any CPU
	EndGlobalSection
	GlobalSection(SolutionProperties) = preSolution
		HideSolutionNode = FALSE
	EndGlobalSection
	GlobalSection(ExtensibilityGlobals) = postSolution
		SolutionGuid = {189F4EBD-D38D-4B78-9530-D3E857EAD80F}
	EndGlobalSection
EndGlobal
