
Microsoft Visual Studio Solution File, Format Version 12.00
# Visual Studio Version 17
VisualStudioVersion = 17.13.35825.156 d17.13
MinimumVisualStudioVersion = 10.0.40219.1
Project("{FAE04EC0-301F-11D3-BF4B-00C04F79EFBC}") = "TheMagicCannon", "TheMagicCannon\TheMagicCannon.csproj", "{09067C00-0F92-4BFE-8231-F954BB233B7E}"
EndProject
Global
	GlobalSection(SolutionConfigurationPlatforms) = preSolution
		Debug|Any CPU = Debug|Any CPU
		Release|Any CPU = Release|Any CPU
	EndGlobalSection
	GlobalSection(ProjectConfigurationPlatforms) = postSolution
		{09067C00-0F92-4BFE-8231-F954BB233B7E}.Debug|Any CPU.ActiveCfg = Debug|Any CPU
		{09067C00-0F92-4BFE-8231-F954BB233B7E}.Debug|Any CPU.Build.0 = Debug|Any CPU
		{09067C00-0F92-4BFE-8231-F954BB233B7E}.Release|Any CPU.ActiveCfg = Release|Any CPU
		{09067C00-0F92-4BFE-8231-F954BB233B7E}.Release|Any CPU.Build.0 = Release|Any CPU
	EndGlobalSection
	GlobalSection(SolutionProperties) = preSolution
		HideSolutionNode = FALSE
	EndGlobalSection
	GlobalSection(ExtensibilityGlobals) = postSolution
		SolutionGuid = {39983122-FC3E-479C-BB43-9C50F8DE009A}
	EndGlobalSection
EndGlobal
