
Microsoft Visual Studio Solution File, Format Version 12.00
# Visual Studio Version 17
VisualStudioVersion = 17.13.35913.81 d17.13
MinimumVisualStudioVersion = 10.0.40219.1
Project("{FAE04EC0-301F-11D3-BF4B-00C04F79EFBC}") = "SimulaSoup", "SimulaSoup\SimulaSoup.csproj", "{30DF27D9-E08A-42A0-B122-18E9AD76C557}"
EndProject
Global
	GlobalSection(SolutionConfigurationPlatforms) = preSolution
		Debug|Any CPU = Debug|Any CPU
		Release|Any CPU = Release|Any CPU
	EndGlobalSection
	GlobalSection(ProjectConfigurationPlatforms) = postSolution
		{30DF27D9-E08A-42A0-B122-18E9AD76C557}.Debug|Any CPU.ActiveCfg = Debug|Any CPU
		{30DF27D9-E08A-42A0-B122-18E9AD76C557}.Debug|Any CPU.Build.0 = Debug|Any CPU
		{30DF27D9-E08A-42A0-B122-18E9AD76C557}.Release|Any CPU.ActiveCfg = Release|Any CPU
		{30DF27D9-E08A-42A0-B122-18E9AD76C557}.Release|Any CPU.Build.0 = Release|Any CPU
	EndGlobalSection
	GlobalSection(SolutionProperties) = preSolution
		HideSolutionNode = FALSE
	EndGlobalSection
	GlobalSection(ExtensibilityGlobals) = postSolution
		SolutionGuid = {2D792BEB-3CCA-4A9B-8608-15F04F41373D}
	EndGlobalSection
EndGlobal
