
Microsoft Visual Studio Solution File, Format Version 12.00
# Visual Studio Version 17
VisualStudioVersion = 17.13.35931.197 d17.13
MinimumVisualStudioVersion = 10.0.40219.1
Project("{FAE04EC0-301F-11D3-BF4B-00C04F79EFBC}") = "TheCard", "TheCard\TheCard.csproj", "{899B4295-28DF-4F2B-A582-28B697A79F98}"
EndProject
Global
	GlobalSection(SolutionConfigurationPlatforms) = preSolution
		Debug|Any CPU = Debug|Any CPU
		Release|Any CPU = Release|Any CPU
	EndGlobalSection
	GlobalSection(ProjectConfigurationPlatforms) = postSolution
		{899B4295-28DF-4F2B-A582-28B697A79F98}.Debug|Any CPU.ActiveCfg = Debug|Any CPU
		{899B4295-28DF-4F2B-A582-28B697A79F98}.Debug|Any CPU.Build.0 = Debug|Any CPU
		{899B4295-28DF-4F2B-A582-28B697A79F98}.Release|Any CPU.ActiveCfg = Release|Any CPU
		{899B4295-28DF-4F2B-A582-28B697A79F98}.Release|Any CPU.Build.0 = Release|Any CPU
	EndGlobalSection
	GlobalSection(SolutionProperties) = preSolution
		HideSolutionNode = FALSE
	EndGlobalSection
	GlobalSection(ExtensibilityGlobals) = postSolution
		SolutionGuid = {C10B5BED-8774-4FDD-8F69-B1B554F74313}
	EndGlobalSection
EndGlobal
